
Microsoft Visual Studio Solution File, Format Version 12.00
# Visual Studio Version 17
VisualStudioVersion = 17.12.35707.178
MinimumVisualStudioVersion = 10.0.40219.1
Project("{FAE04EC0-301F-11D3-BF4B-00C04F79EFBC}") = "ApiProject.Server", "ApiProject.Server\ApiProject.Server.csproj", "{824B3552-4E57-4C21-9B05-221E2674BF83}"
EndProject
Project("{FAE04EC0-301F-11D3-BF4B-00C04F79EFBC}") = "ApiProject.Client.Web", "ApiProject.Client.Web\ApiProject.Client.Web.csproj", "{ECCCD973-24FD-48AF-A779-958C58193013}"
EndProject
Project("{FAE04EC0-301F-11D3-BF4B-00C04F79EFBC}") = "ApiProject.Shared", "ApiProject.Shared\ApiProject.Shared.csproj", "{6F2FB173-446F-4D35-8B83-99F22EA526C9}"
EndProject
Project("{FAE04EC0-301F-11D3-BF4B-00C04F79EFBC}") = "ApiProject.Domain", "ApiProject.Domain\ApiProject.Domain.csproj", "{2E4B15F3-CEA4-49EA-AAA4-FBADF518FA49}"
EndProject
Project("{FAE04EC0-301F-11D3-BF4B-00C04F79EFBC}") = "ApiProject.Application", "ApiProject.Application\ApiProject.Application.csproj", "{60C656EB-18B5-4659-8D63-A6F675176849}"
EndProject
Project("{2150E333-8FDC-42A3-9474-1A3956D46DE8}") = "src", "src", "{87E58C31-B1A7-472D-8149-862E16C9EED6}"
EndProject
Project("{2150E333-8FDC-42A3-9474-1A3956D46DE8}") = "Presentation", "Presentation", "{EFB4BEFC-FC0C-4E9A-9A5A-4520CF88FD25}"
EndProject
Project("{FAE04EC0-301F-11D3-BF4B-00C04F79EFBC}") = "ApiProject.Infrastructure", "ApiProject.Infrastructure\ApiProject.Infrastructure.csproj", "{6D97527A-92C0-461F-98B7-0CC9BD933C2B}"
EndProject
Global
	GlobalSection(SolutionConfigurationPlatforms) = preSolution
		Debug|Any CPU = Debug|Any CPU
		Release|Any CPU = Release|Any CPU
	EndGlobalSection
	GlobalSection(ProjectConfigurationPlatforms) = postSolution
		{824B3552-4E57-4C21-9B05-221E2674BF83}.Debug|Any CPU.ActiveCfg = Debug|Any CPU
		{824B3552-4E57-4C21-9B05-221E2674BF83}.Debug|Any CPU.Build.0 = Debug|Any CPU
		{824B3552-4E57-4C21-9B05-221E2674BF83}.Release|Any CPU.ActiveCfg = Release|Any CPU
		{824B3552-4E57-4C21-9B05-221E2674BF83}.Release|Any CPU.Build.0 = Release|Any CPU
		{ECCCD973-24FD-48AF-A779-958C58193013}.Debug|Any CPU.ActiveCfg = Debug|Any CPU
		{ECCCD973-24FD-48AF-A779-958C58193013}.Debug|Any CPU.Build.0 = Debug|Any CPU
		{ECCCD973-24FD-48AF-A779-958C58193013}.Release|Any CPU.ActiveCfg = Release|Any CPU
		{ECCCD973-24FD-48AF-A779-958C58193013}.Release|Any CPU.Build.0 = Release|Any CPU
		{6F2FB173-446F-4D35-8B83-99F22EA526C9}.Debug|Any CPU.ActiveCfg = Debug|Any CPU
		{6F2FB173-446F-4D35-8B83-99F22EA526C9}.Debug|Any CPU.Build.0 = Debug|Any CPU
		{6F2FB173-446F-4D35-8B83-99F22EA526C9}.Release|Any CPU.ActiveCfg = Release|Any CPU
		{6F2FB173-446F-4D35-8B83-99F22EA526C9}.Release|Any CPU.Build.0 = Release|Any CPU
		{2E4B15F3-CEA4-49EA-AAA4-FBADF518FA49}.Debug|Any CPU.ActiveCfg = Debug|Any CPU
		{2E4B15F3-CEA4-49EA-AAA4-FBADF518FA49}.Debug|Any CPU.Build.0 = Debug|Any CPU
		{2E4B15F3-CEA4-49EA-AAA4-FBADF518FA49}.Release|Any CPU.ActiveCfg = Release|Any CPU
		{2E4B15F3-CEA4-49EA-AAA4-FBADF518FA49}.Release|Any CPU.Build.0 = Release|Any CPU
		{60C656EB-18B5-4659-8D63-A6F675176849}.Debug|Any CPU.ActiveCfg = Debug|Any CPU
		{60C656EB-18B5-4659-8D63-A6F675176849}.Debug|Any CPU.Build.0 = Debug|Any CPU
		{60C656EB-18B5-4659-8D63-A6F675176849}.Release|Any CPU.ActiveCfg = Release|Any CPU
		{60C656EB-18B5-4659-8D63-A6F675176849}.Release|Any CPU.Build.0 = Release|Any CPU
		{6D97527A-92C0-461F-98B7-0CC9BD933C2B}.Debug|Any CPU.ActiveCfg = Debug|Any CPU
		{6D97527A-92C0-461F-98B7-0CC9BD933C2B}.Debug|Any CPU.Build.0 = Debug|Any CPU
		{6D97527A-92C0-461F-98B7-0CC9BD933C2B}.Release|Any CPU.ActiveCfg = Release|Any CPU
		{6D97527A-92C0-461F-98B7-0CC9BD933C2B}.Release|Any CPU.Build.0 = Release|Any CPU
	EndGlobalSection
	GlobalSection(SolutionProperties) = preSolution
		HideSolutionNode = FALSE
	EndGlobalSection
	GlobalSection(NestedProjects) = preSolution
		{824B3552-4E57-4C21-9B05-221E2674BF83} = {EFB4BEFC-FC0C-4E9A-9A5A-4520CF88FD25}
		{ECCCD973-24FD-48AF-A779-958C58193013} = {EFB4BEFC-FC0C-4E9A-9A5A-4520CF88FD25}
		{6F2FB173-446F-4D35-8B83-99F22EA526C9} = {87E58C31-B1A7-472D-8149-862E16C9EED6}
		{2E4B15F3-CEA4-49EA-AAA4-FBADF518FA49} = {87E58C31-B1A7-472D-8149-862E16C9EED6}
		{60C656EB-18B5-4659-8D63-A6F675176849} = {87E58C31-B1A7-472D-8149-862E16C9EED6}
		{EFB4BEFC-FC0C-4E9A-9A5A-4520CF88FD25} = {87E58C31-B1A7-472D-8149-862E16C9EED6}
		{6D97527A-92C0-461F-98B7-0CC9BD933C2B} = {87E58C31-B1A7-472D-8149-862E16C9EED6}
	EndGlobalSection
EndGlobal
